
Microsoft Visual Studio Solution File, Format Version 12.00
Project("{FAE04EC0-301F-11D3-BF4B-00C04F79EFBC}") = "Xaelith", "Xaelith\Xaelith.csproj", "{AEE6AF05-1628-4347-9B93-A619032E28CE}"
EndProject
Global
	GlobalSection(SolutionConfigurationPlatforms) = preSolution
		Debug|Any CPU = Debug|Any CPU
		Release|Any CPU = Release|Any CPU
	EndGlobalSection
	GlobalSection(ProjectConfigurationPlatforms) = postSolution
		{AEE6AF05-1628-4347-9B93-A619032E28CE}.Debug|Any CPU.ActiveCfg = Debug|Any CPU
		{AEE6AF05-1628-4347-9B93-A619032E28CE}.Debug|Any CPU.Build.0 = Debug|Any CPU
		{AEE6AF05-1628-4347-9B93-A619032E28CE}.Release|Any CPU.ActiveCfg = Release|Any CPU
		{AEE6AF05-1628-4347-9B93-A619032E28CE}.Release|Any CPU.Build.0 = Release|Any CPU
	EndGlobalSection
EndGlobal
